{
  "name": "VaqBot",
  "version": "1.0.0",
  "lockfileVersion": 1,
  "requires": true,
  "dependencies": {
    "emoji.json": {
      "version": "11.0.0",
      "resolved": "https://registry.npmjs.org/emoji.json/-/emoji.json-11.0.0.tgz",
      "integrity": "sha512-CDBkBcVmhGwjupn37OPUhoAr/XJ9hrYtyA1t4xac6QjldCjWCiedZyKxGAEV1738jtpd+t4W0I52H1Q1LH1hhg=="
    }
  }
}
